
Microsoft Visual Studio Solution File, Format Version 12.00
# Visual Studio Version 17
VisualStudioVersion = 17.14.36518.9 d17.14
MinimumVisualStudioVersion = 10.0.40219.1
Project("{2150E333-8FDC-42A3-9474-1A3956D46DE8}") = "Task0", "Task0", "{36D591C7-65C7-A0D1-1CBC-10CDE441BDC8}"
EndProject
Project("{FAE04EC0-301F-11D3-BF4B-00C04F79EFBC}") = "Tyuiu.SozonovAD.Sprint0.Task0.V0", "Tyuiu.SozonovAD.Sprint0.Task0.V0\Tyuiu.SozonovAD.Sprint0.Task0.V0.csproj", "{40C3A426-5674-45B9-9B86-F6CA2BE33D6B}"
EndProject
Project("{2150E333-8FDC-42A3-9474-1A3956D46DE8}") = "Task1", "Task1", "{3B3AC68C-C8A2-46F8-9E16-6B2574BBF7E1}"
EndProject
Project("{FAE04EC0-301F-11D3-BF4B-00C04F79EFBC}") = "Tyuiu.SozonovAD.Sprint0.Task1.V0", "Tyuiu.SozonovAD.Sprint0.Task1.V0\Tyuiu.SozonovAD.Sprint0.Task1.V0.csproj", "{7A74A59B-FC22-4F66-AD47-C3A9B9793AB6}"
EndProject
Project("{2150E333-8FDC-42A3-9474-1A3956D46DE8}") = "Task2", "Task2", "{EB6B7347-8808-4024-BFEF-2D5E1F0F6DF6}"
EndProject
Project("{FAE04EC0-301F-11D3-BF4B-00C04F79EFBC}") = "Tyuiu.SozonovAD.Sprint0.Task2.V0", "Tyuiu.SozonovAD.Sprint0.Task2.V0\Tyuiu.SozonovAD.Sprint0.Task2.V0.csproj", "{A29612B1-4930-41BB-BC11-D18B0A659A86}"
EndProject
Project("{FAE04EC0-301F-11D3-BF4B-00C04F79EFBC}") = "Tyuiu.SozonovAD.Sprint0.Task2.V0.Lib", "Tyuiu.SozonovAD.Sprint0.Task2.V0.Lib\Tyuiu.SozonovAD.Sprint0.Task2.V0.Lib.csproj", "{282E543A-FEC5-4167-9409-081E31AF3BFF}"
EndProject
Project("{FAE04EC0-301F-11D3-BF4B-00C04F79EFBC}") = "Tyuiu.SozonovAD.Sprint0.Task2.V0.Test", "Tyuiu.SozonovAD.Sprint0.Task2.V0.Test\Tyuiu.SozonovAD.Sprint0.Task2.V0.Test.csproj", "{848851F3-D248-46D1-A6C9-55F24555F854}"
EndProject
Project("{2150E333-8FDC-42A3-9474-1A3956D46DE8}") = "Task3", "Task3", "{55AC9E44-B8BE-40DF-86DF-AA98171AFB34}"
EndProject
Project("{FAE04EC0-301F-11D3-BF4B-00C04F79EFBC}") = "Tyuiu.SozonovAD.Sprint0.Task3.V0", "Tyuiu.SozonovAD.Sprint0.Task3.V0\Tyuiu.SozonovAD.Sprint0.Task3.V0.csproj", "{7ECEB070-45F6-4829-A6D7-F12F854E4F7F}"
EndProject
Project("{FAE04EC0-301F-11D3-BF4B-00C04F79EFBC}") = "Tyuiu.SozonovAD.Sprint0.Task3.V0.Lib", "Tyuiu.SozonovAD.Sprint0.Task3.V0.Lib\Tyuiu.SozonovAD.Sprint0.Task3.V0.Lib.csproj", "{903FE0C2-7C0F-4F18-9BF0-A99AFC80AF45}"
EndProject
Project("{FAE04EC0-301F-11D3-BF4B-00C04F79EFBC}") = "Tyuiu.SozonovAD.Sprint0.Task3.V0.Test", "Tyuiu.SozonovAD.Sprint0.Task3.V0.Test\Tyuiu.SozonovAD.Sprint0.Task3.V0.Test.csproj", "{A434DC08-C263-4DAD-BC4D-93855B766A8C}"
EndProject
Global
	GlobalSection(SolutionConfigurationPlatforms) = preSolution
		Debug|Any CPU = Debug|Any CPU
		Release|Any CPU = Release|Any CPU
	EndGlobalSection
	GlobalSection(ProjectConfigurationPlatforms) = postSolution
		{40C3A426-5674-45B9-9B86-F6CA2BE33D6B}.Debug|Any CPU.ActiveCfg = Debug|Any CPU
		{40C3A426-5674-45B9-9B86-F6CA2BE33D6B}.Debug|Any CPU.Build.0 = Debug|Any CPU
		{40C3A426-5674-45B9-9B86-F6CA2BE33D6B}.Release|Any CPU.ActiveCfg = Release|Any CPU
		{40C3A426-5674-45B9-9B86-F6CA2BE33D6B}.Release|Any CPU.Build.0 = Release|Any CPU
		{7A74A59B-FC22-4F66-AD47-C3A9B9793AB6}.Debug|Any CPU.ActiveCfg = Debug|Any CPU
		{7A74A59B-FC22-4F66-AD47-C3A9B9793AB6}.Debug|Any CPU.Build.0 = Debug|Any CPU
		{7A74A59B-FC22-4F66-AD47-C3A9B9793AB6}.Release|Any CPU.ActiveCfg = Release|Any CPU
		{7A74A59B-FC22-4F66-AD47-C3A9B9793AB6}.Release|Any CPU.Build.0 = Release|Any CPU
		{A29612B1-4930-41BB-BC11-D18B0A659A86}.Debug|Any CPU.ActiveCfg = Debug|Any CPU
		{A29612B1-4930-41BB-BC11-D18B0A659A86}.Debug|Any CPU.Build.0 = Debug|Any CPU
		{A29612B1-4930-41BB-BC11-D18B0A659A86}.Release|Any CPU.ActiveCfg = Release|Any CPU
		{A29612B1-4930-41BB-BC11-D18B0A659A86}.Release|Any CPU.Build.0 = Release|Any CPU
		{282E543A-FEC5-4167-9409-081E31AF3BFF}.Debug|Any CPU.ActiveCfg = Debug|Any CPU
		{282E543A-FEC5-4167-9409-081E31AF3BFF}.Debug|Any CPU.Build.0 = Debug|Any CPU
		{282E543A-FEC5-4167-9409-081E31AF3BFF}.Release|Any CPU.ActiveCfg = Release|Any CPU
		{282E543A-FEC5-4167-9409-081E31AF3BFF}.Release|Any CPU.Build.0 = Release|Any CPU
		{848851F3-D248-46D1-A6C9-55F24555F854}.Debug|Any CPU.ActiveCfg = Debug|Any CPU
		{848851F3-D248-46D1-A6C9-55F24555F854}.Debug|Any CPU.Build.0 = Debug|Any CPU
		{848851F3-D248-46D1-A6C9-55F24555F854}.Release|Any CPU.ActiveCfg = Release|Any CPU
		{848851F3-D248-46D1-A6C9-55F24555F854}.Release|Any CPU.Build.0 = Release|Any CPU
		{7ECEB070-45F6-4829-A6D7-F12F854E4F7F}.Debug|Any CPU.ActiveCfg = Debug|Any CPU
		{7ECEB070-45F6-4829-A6D7-F12F854E4F7F}.Debug|Any CPU.Build.0 = Debug|Any CPU
		{7ECEB070-45F6-4829-A6D7-F12F854E4F7F}.Release|Any CPU.ActiveCfg = Release|Any CPU
		{7ECEB070-45F6-4829-A6D7-F12F854E4F7F}.Release|Any CPU.Build.0 = Release|Any CPU
		{903FE0C2-7C0F-4F18-9BF0-A99AFC80AF45}.Debug|Any CPU.ActiveCfg = Debug|Any CPU
		{903FE0C2-7C0F-4F18-9BF0-A99AFC80AF45}.Debug|Any CPU.Build.0 = Debug|Any CPU
		{903FE0C2-7C0F-4F18-9BF0-A99AFC80AF45}.Release|Any CPU.ActiveCfg = Release|Any CPU
		{903FE0C2-7C0F-4F18-9BF0-A99AFC80AF45}.Release|Any CPU.Build.0 = Release|Any CPU
		{A434DC08-C263-4DAD-BC4D-93855B766A8C}.Debug|Any CPU.ActiveCfg = Debug|Any CPU
		{A434DC08-C263-4DAD-BC4D-93855B766A8C}.Debug|Any CPU.Build.0 = Debug|Any CPU
		{A434DC08-C263-4DAD-BC4D-93855B766A8C}.Release|Any CPU.ActiveCfg = Release|Any CPU
		{A434DC08-C263-4DAD-BC4D-93855B766A8C}.Release|Any CPU.Build.0 = Release|Any CPU
	EndGlobalSection
	GlobalSection(SolutionProperties) = preSolution
		HideSolutionNode = FALSE
	EndGlobalSection
	GlobalSection(NestedProjects) = preSolution
		{40C3A426-5674-45B9-9B86-F6CA2BE33D6B} = {36D591C7-65C7-A0D1-1CBC-10CDE441BDC8}
		{7A74A59B-FC22-4F66-AD47-C3A9B9793AB6} = {3B3AC68C-C8A2-46F8-9E16-6B2574BBF7E1}
		{A29612B1-4930-41BB-BC11-D18B0A659A86} = {EB6B7347-8808-4024-BFEF-2D5E1F0F6DF6}
		{282E543A-FEC5-4167-9409-081E31AF3BFF} = {EB6B7347-8808-4024-BFEF-2D5E1F0F6DF6}
		{848851F3-D248-46D1-A6C9-55F24555F854} = {EB6B7347-8808-4024-BFEF-2D5E1F0F6DF6}
		{7ECEB070-45F6-4829-A6D7-F12F854E4F7F} = {55AC9E44-B8BE-40DF-86DF-AA98171AFB34}
		{903FE0C2-7C0F-4F18-9BF0-A99AFC80AF45} = {55AC9E44-B8BE-40DF-86DF-AA98171AFB34}
		{A434DC08-C263-4DAD-BC4D-93855B766A8C} = {55AC9E44-B8BE-40DF-86DF-AA98171AFB34}
	EndGlobalSection
	GlobalSection(ExtensibilityGlobals) = postSolution
		SolutionGuid = {294468DF-8427-4EBE-826A-5A55D387E935}
	EndGlobalSection
EndGlobal
